
Microsoft Visual Studio Solution File, Format Version 12.00
# Visual Studio Version 16
VisualStudioVersion = 16.0.32630.194
MinimumVisualStudioVersion = 10.0.40219.1
Project("{FAE04EC0-301F-11D3-BF4B-00C04F79EFBC}") = "ProyectoFinalASP", "ProyectoFinalASP\ProyectoFinalASP.csproj", "{5924E011-450B-4F36-9B26-F71AA88BA9EB}"
EndProject
Global
	GlobalSection(SolutionConfigurationPlatforms) = preSolution
		Debug|Any CPU = Debug|Any CPU
		Release|Any CPU = Release|Any CPU
	EndGlobalSection
	GlobalSection(ProjectConfigurationPlatforms) = postSolution
		{5924E011-450B-4F36-9B26-F71AA88BA9EB}.Debug|Any CPU.ActiveCfg = Debug|Any CPU
		{5924E011-450B-4F36-9B26-F71AA88BA9EB}.Debug|Any CPU.Build.0 = Debug|Any CPU
		{5924E011-450B-4F36-9B26-F71AA88BA9EB}.Release|Any CPU.ActiveCfg = Release|Any CPU
		{5924E011-450B-4F36-9B26-F71AA88BA9EB}.Release|Any CPU.Build.0 = Release|Any CPU
	EndGlobalSection
	GlobalSection(SolutionProperties) = preSolution
		HideSolutionNode = FALSE
	EndGlobalSection
	GlobalSection(ExtensibilityGlobals) = postSolution
		SolutionGuid = {038442C4-4709-4D9F-AEB0-FB3C374DF0CB}
	EndGlobalSection
EndGlobal
